
Microsoft Visual Studio Solution File, Format Version 12.00
# Visual Studio 2012
Project("{2150E333-8FDC-42A3-9474-1A3956D46DE8}") = "AzureTable", "AzureTable", "{22A492EB-10F9-4C45-90E4-42A1F7AA66EB}"
EndProject
Project("{2150E333-8FDC-42A3-9474-1A3956D46DE8}") = "Couchbase", "Couchbase", "{F4A6D115-CB3C-46C9-964F-15D3EECA5C43}"
EndProject
Project("{2150E333-8FDC-42A3-9474-1A3956D46DE8}") = "Redis", "Redis", "{EA7378C7-68E0-4C9E-8D1B-2FD25F08D6D9}"
EndProject
Project("{2150E333-8FDC-42A3-9474-1A3956D46DE8}") = "FSText", "FSText", "{E498FDB9-05D7-4502-809B-BC066C1B9B28}"
EndProject
Project("{2150E333-8FDC-42A3-9474-1A3956D46DE8}") = "SQLServer", "SQLServer", "{89DF64F0-29AF-46D7-96EB-4D191FF73A98}"
EndProject
Project("{FAE04EC0-301F-11D3-BF4B-00C04F79EFBC}") = "KeyValueStorage", "KeyValueStorage\KeyValueStorage.csproj", "{A53CB348-4535-44C6-A752-7E3382C24304}"
EndProject
Project("{FAE04EC0-301F-11D3-BF4B-00C04F79EFBC}") = "KeyValueStorage.Couchbase", "Couchbase\KeyValueStorage.Couchbase\KeyValueStorage.Couchbase.csproj", "{16657D58-E46B-4015-A4F8-5B66F4CA5069}"
EndProject
Project("{FAE04EC0-301F-11D3-BF4B-00C04F79EFBC}") = "KeyValueStorage.Redis", "Redis\KeyValueStorage.Redis\KeyValueStorage.Redis.csproj", "{31903596-C7A9-4C7E-837B-CA855D7F15FB}"
EndProject
Project("{FAE04EC0-301F-11D3-BF4B-00C04F79EFBC}") = "KeyValueStorage.FSText", "FSText\KeyValueStorage.FSText\KeyValueStorage.FSText.csproj", "{3D4A2DE2-90B4-4545-AF2E-B796C775F23C}"
EndProject
Project("{FAE04EC0-301F-11D3-BF4B-00C04F79EFBC}") = "KeyValueStorage.FSText.Tests", "FSText\KeyValueStorage.FSText.Tests\KeyValueStorage.FSText.Tests.csproj", "{FBF45E96-E935-4D12-AC62-48434D5E82B4}"
EndProject
Project("{FAE04EC0-301F-11D3-BF4B-00C04F79EFBC}") = "KeyValueStorage.Testing", "KeyValueStorage.Testing\KeyValueStorage.Testing.csproj", "{BDBDBDA2-4004-47CF-A7EF-A34928637D08}"
EndProject
Project("{2150E333-8FDC-42A3-9474-1A3956D46DE8}") = ".nuget", ".nuget", "{2A2917E9-609D-4C3C-8E76-AD37F6BCAE7B}"
	ProjectSection(SolutionItems) = preProject
		.nuget\NuGet.Config = .nuget\NuGet.Config
		.nuget\NuGet.exe = .nuget\NuGet.exe
		.nuget\NuGet.targets = .nuget\NuGet.targets
	EndProjectSection
EndProject
Project("{FAE04EC0-301F-11D3-BF4B-00C04F79EFBC}") = "KeyValueStorage.Redis.Tests", "Redis\KeyValueStorage.Redis.Tests\KeyValueStorage.Redis.Tests.csproj", "{0A696150-1FAB-47CF-9ACF-4F37873F60E4}"
EndProject
Project("{FAE04EC0-301F-11D3-BF4B-00C04F79EFBC}") = "KeyValueStorage.Couchbase.Tests", "Couchbase\KeyValueStorage.Couchbase.Tests\KeyValueStorage.Couchbase.Tests.csproj", "{2DCD5D35-A2DC-4CBF-AD34-D35455030722}"
EndProject
Project("{FAE04EC0-301F-11D3-BF4B-00C04F79EFBC}") = "KeyValueStorage.AzureTable", "AzureTable\KeyValueStorage.AzureTable\KeyValueStorage.AzureTable.csproj", "{1E480173-28A2-4336-9ABE-A50B73D277AA}"
EndProject
Project("{FAE04EC0-301F-11D3-BF4B-00C04F79EFBC}") = "KeyValueStorage.AzureTable.Tests", "AzureTable\KeyValueStorage.AzureTable.Tests\KeyValueStorage.AzureTable.Tests.csproj", "{21B1E83D-12D4-4028-B760-B6C4C30B3DF6}"
EndProject
Project("{2150E333-8FDC-42A3-9474-1A3956D46DE8}") = "Oracle", "Oracle", "{3B530A91-9FCE-482B-96FF-49A3302A1F0E}"
EndProject
Project("{2150E333-8FDC-42A3-9474-1A3956D46DE8}") = "Cassandra", "Cassandra", "{DA1C5390-A883-4AF3-8645-7ED7B6E6C820}"
EndProject
Project("{2150E333-8FDC-42A3-9474-1A3956D46DE8}") = "Solution Items", "Solution Items", "{9AB14D1B-310C-4E73-ADC8-DC0E1399A0DE}"
	ProjectSection(SolutionItems) = preProject
		README.md = README.md
	EndProjectSection
EndProject
Project("{FAE04EC0-301F-11D3-BF4B-00C04F79EFBC}") = "KeyValueStorage.Oracle", "Oracle\KeyValueStorage.Oracle\KeyValueStorage.Oracle.csproj", "{09F700A4-FED1-4AB4-8BDC-26C22D7783F7}"
EndProject
Project("{FAE04EC0-301F-11D3-BF4B-00C04F79EFBC}") = "KeyValueStorage.Oracle.Tests", "Oracle\KeyValueStorage.Oracle.Tests\KeyValueStorage.Oracle.Tests.csproj", "{900C070F-B73C-4D32-A0C3-2CA1431A8DD1}"
EndProject
Project("{FAE04EC0-301F-11D3-BF4B-00C04F79EFBC}") = "KeyValueStorage.SqlServer", "SQLServer\KeyValueStorage.SqlServer\KeyValueStorage.SqlServer.csproj", "{837BB7E4-04CD-4E43-89E6-92685C84CA84}"
EndProject
Project("{FAE04EC0-301F-11D3-BF4B-00C04F79EFBC}") = "KeyValueStorage.SqlServer.Tests", "SQLServer\KeyValueStorage.SqlServer.Tests\KeyValueStorage.SqlServer.Tests.csproj", "{7B4307EC-ED44-4C55-9588-08121308A266}"
EndProject
Project("{FAE04EC0-301F-11D3-BF4B-00C04F79EFBC}") = "KeyValueStorage.Cassandra", "Cassandra\KeyValueStorage.Cassandra\KeyValueStorage.Cassandra.csproj", "{36D948E3-89EC-4744-AE6C-CFFD90C1813C}"
EndProject
Project("{FAE04EC0-301F-11D3-BF4B-00C04F79EFBC}") = "KeyValueStorage.Cassandra.Tests", "Cassandra\KeyValueStorage.Cassandra.Tests\KeyValueStorage.Cassandra.Tests.csproj", "{BB6568A6-D122-4B84-B810-B73350EB99DD}"
EndProject
Project("{2150E333-8FDC-42A3-9474-1A3956D46DE8}") = "ORM", "ORM", "{3F906FD1-643B-4A43-B555-1E5BA8744888}"
EndProject
Project("{FAE04EC0-301F-11D3-BF4B-00C04F79EFBC}") = "KeyValueStorage.ORM", "ORM\KeyValueStorage.ORM\KeyValueStorage.ORM.csproj", "{93225386-ED92-4799-91E4-53B2E5C67AA3}"
EndProject
Global
	GlobalSection(SolutionConfigurationPlatforms) = preSolution
		Debug|Any CPU = Debug|Any CPU
		Release|Any CPU = Release|Any CPU
	EndGlobalSection
	GlobalSection(ProjectConfigurationPlatforms) = postSolution
		{A53CB348-4535-44C6-A752-7E3382C24304}.Debug|Any CPU.ActiveCfg = Debug|Any CPU
		{A53CB348-4535-44C6-A752-7E3382C24304}.Debug|Any CPU.Build.0 = Debug|Any CPU
		{A53CB348-4535-44C6-A752-7E3382C24304}.Release|Any CPU.ActiveCfg = Release|Any CPU
		{A53CB348-4535-44C6-A752-7E3382C24304}.Release|Any CPU.Build.0 = Release|Any CPU
		{16657D58-E46B-4015-A4F8-5B66F4CA5069}.Debug|Any CPU.ActiveCfg = Debug|Any CPU
		{16657D58-E46B-4015-A4F8-5B66F4CA5069}.Debug|Any CPU.Build.0 = Debug|Any CPU
		{16657D58-E46B-4015-A4F8-5B66F4CA5069}.Release|Any CPU.ActiveCfg = Release|Any CPU
		{16657D58-E46B-4015-A4F8-5B66F4CA5069}.Release|Any CPU.Build.0 = Release|Any CPU
		{31903596-C7A9-4C7E-837B-CA855D7F15FB}.Debug|Any CPU.ActiveCfg = Debug|Any CPU
		{31903596-C7A9-4C7E-837B-CA855D7F15FB}.Debug|Any CPU.Build.0 = Debug|Any CPU
		{31903596-C7A9-4C7E-837B-CA855D7F15FB}.Release|Any CPU.ActiveCfg = Release|Any CPU
		{31903596-C7A9-4C7E-837B-CA855D7F15FB}.Release|Any CPU.Build.0 = Release|Any CPU
		{3D4A2DE2-90B4-4545-AF2E-B796C775F23C}.Debug|Any CPU.ActiveCfg = Debug|Any CPU
		{3D4A2DE2-90B4-4545-AF2E-B796C775F23C}.Debug|Any CPU.Build.0 = Debug|Any CPU
		{3D4A2DE2-90B4-4545-AF2E-B796C775F23C}.Release|Any CPU.ActiveCfg = Release|Any CPU
		{3D4A2DE2-90B4-4545-AF2E-B796C775F23C}.Release|Any CPU.Build.0 = Release|Any CPU
		{FBF45E96-E935-4D12-AC62-48434D5E82B4}.Debug|Any CPU.ActiveCfg = Debug|Any CPU
		{FBF45E96-E935-4D12-AC62-48434D5E82B4}.Debug|Any CPU.Build.0 = Debug|Any CPU
		{FBF45E96-E935-4D12-AC62-48434D5E82B4}.Release|Any CPU.ActiveCfg = Release|Any CPU
		{FBF45E96-E935-4D12-AC62-48434D5E82B4}.Release|Any CPU.Build.0 = Release|Any CPU
		{BDBDBDA2-4004-47CF-A7EF-A34928637D08}.Debug|Any CPU.ActiveCfg = Debug|Any CPU
		{BDBDBDA2-4004-47CF-A7EF-A34928637D08}.Debug|Any CPU.Build.0 = Debug|Any CPU
		{BDBDBDA2-4004-47CF-A7EF-A34928637D08}.Release|Any CPU.ActiveCfg = Release|Any CPU
		{BDBDBDA2-4004-47CF-A7EF-A34928637D08}.Release|Any CPU.Build.0 = Release|Any CPU
		{0A696150-1FAB-47CF-9ACF-4F37873F60E4}.Debug|Any CPU.ActiveCfg = Debug|Any CPU
		{0A696150-1FAB-47CF-9ACF-4F37873F60E4}.Debug|Any CPU.Build.0 = Debug|Any CPU
		{0A696150-1FAB-47CF-9ACF-4F37873F60E4}.Release|Any CPU.ActiveCfg = Release|Any CPU
		{0A696150-1FAB-47CF-9ACF-4F37873F60E4}.Release|Any CPU.Build.0 = Release|Any CPU
		{2DCD5D35-A2DC-4CBF-AD34-D35455030722}.Debug|Any CPU.ActiveCfg = Debug|Any CPU
		{2DCD5D35-A2DC-4CBF-AD34-D35455030722}.Debug|Any CPU.Build.0 = Debug|Any CPU
		{2DCD5D35-A2DC-4CBF-AD34-D35455030722}.Release|Any CPU.ActiveCfg = Release|Any CPU
		{2DCD5D35-A2DC-4CBF-AD34-D35455030722}.Release|Any CPU.Build.0 = Release|Any CPU
		{1E480173-28A2-4336-9ABE-A50B73D277AA}.Debug|Any CPU.ActiveCfg = Debug|Any CPU
		{1E480173-28A2-4336-9ABE-A50B73D277AA}.Debug|Any CPU.Build.0 = Debug|Any CPU
		{1E480173-28A2-4336-9ABE-A50B73D277AA}.Release|Any CPU.ActiveCfg = Release|Any CPU
		{1E480173-28A2-4336-9ABE-A50B73D277AA}.Release|Any CPU.Build.0 = Release|Any CPU
		{21B1E83D-12D4-4028-B760-B6C4C30B3DF6}.Debug|Any CPU.ActiveCfg = Debug|Any CPU
		{21B1E83D-12D4-4028-B760-B6C4C30B3DF6}.Debug|Any CPU.Build.0 = Debug|Any CPU
		{21B1E83D-12D4-4028-B760-B6C4C30B3DF6}.Release|Any CPU.ActiveCfg = Release|Any CPU
		{21B1E83D-12D4-4028-B760-B6C4C30B3DF6}.Release|Any CPU.Build.0 = Release|Any CPU
		{09F700A4-FED1-4AB4-8BDC-26C22D7783F7}.Debug|Any CPU.ActiveCfg = Debug|Any CPU
		{09F700A4-FED1-4AB4-8BDC-26C22D7783F7}.Debug|Any CPU.Build.0 = Debug|Any CPU
		{09F700A4-FED1-4AB4-8BDC-26C22D7783F7}.Release|Any CPU.ActiveCfg = Release|Any CPU
		{09F700A4-FED1-4AB4-8BDC-26C22D7783F7}.Release|Any CPU.Build.0 = Release|Any CPU
		{900C070F-B73C-4D32-A0C3-2CA1431A8DD1}.Debug|Any CPU.ActiveCfg = Debug|Any CPU
		{900C070F-B73C-4D32-A0C3-2CA1431A8DD1}.Debug|Any CPU.Build.0 = Debug|Any CPU
		{900C070F-B73C-4D32-A0C3-2CA1431A8DD1}.Release|Any CPU.ActiveCfg = Release|Any CPU
		{900C070F-B73C-4D32-A0C3-2CA1431A8DD1}.Release|Any CPU.Build.0 = Release|Any CPU
		{837BB7E4-04CD-4E43-89E6-92685C84CA84}.Debug|Any CPU.ActiveCfg = Debug|Any CPU
		{837BB7E4-04CD-4E43-89E6-92685C84CA84}.Debug|Any CPU.Build.0 = Debug|Any CPU
		{837BB7E4-04CD-4E43-89E6-92685C84CA84}.Release|Any CPU.ActiveCfg = Release|Any CPU
		{837BB7E4-04CD-4E43-89E6-92685C84CA84}.Release|Any CPU.Build.0 = Release|Any CPU
		{7B4307EC-ED44-4C55-9588-08121308A266}.Debug|Any CPU.ActiveCfg = Debug|Any CPU
		{7B4307EC-ED44-4C55-9588-08121308A266}.Debug|Any CPU.Build.0 = Debug|Any CPU
		{7B4307EC-ED44-4C55-9588-08121308A266}.Release|Any CPU.ActiveCfg = Release|Any CPU
		{7B4307EC-ED44-4C55-9588-08121308A266}.Release|Any CPU.Build.0 = Release|Any CPU
		{36D948E3-89EC-4744-AE6C-CFFD90C1813C}.Debug|Any CPU.ActiveCfg = Debug|Any CPU
		{36D948E3-89EC-4744-AE6C-CFFD90C1813C}.Debug|Any CPU.Build.0 = Debug|Any CPU
		{36D948E3-89EC-4744-AE6C-CFFD90C1813C}.Release|Any CPU.ActiveCfg = Release|Any CPU
		{36D948E3-89EC-4744-AE6C-CFFD90C1813C}.Release|Any CPU.Build.0 = Release|Any CPU
		{BB6568A6-D122-4B84-B810-B73350EB99DD}.Debug|Any CPU.ActiveCfg = Debug|Any CPU
		{BB6568A6-D122-4B84-B810-B73350EB99DD}.Debug|Any CPU.Build.0 = Debug|Any CPU
		{BB6568A6-D122-4B84-B810-B73350EB99DD}.Release|Any CPU.ActiveCfg = Release|Any CPU
		{BB6568A6-D122-4B84-B810-B73350EB99DD}.Release|Any CPU.Build.0 = Release|Any CPU
		{93225386-ED92-4799-91E4-53B2E5C67AA3}.Debug|Any CPU.ActiveCfg = Debug|Any CPU
		{93225386-ED92-4799-91E4-53B2E5C67AA3}.Debug|Any CPU.Build.0 = Debug|Any CPU
		{93225386-ED92-4799-91E4-53B2E5C67AA3}.Release|Any CPU.ActiveCfg = Release|Any CPU
		{93225386-ED92-4799-91E4-53B2E5C67AA3}.Release|Any CPU.Build.0 = Release|Any CPU
	EndGlobalSection
	GlobalSection(SolutionProperties) = preSolution
		HideSolutionNode = FALSE
	EndGlobalSection
	GlobalSection(NestedProjects) = preSolution
		{1E480173-28A2-4336-9ABE-A50B73D277AA} = {22A492EB-10F9-4C45-90E4-42A1F7AA66EB}
		{21B1E83D-12D4-4028-B760-B6C4C30B3DF6} = {22A492EB-10F9-4C45-90E4-42A1F7AA66EB}
		{16657D58-E46B-4015-A4F8-5B66F4CA5069} = {F4A6D115-CB3C-46C9-964F-15D3EECA5C43}
		{2DCD5D35-A2DC-4CBF-AD34-D35455030722} = {F4A6D115-CB3C-46C9-964F-15D3EECA5C43}
		{31903596-C7A9-4C7E-837B-CA855D7F15FB} = {EA7378C7-68E0-4C9E-8D1B-2FD25F08D6D9}
		{0A696150-1FAB-47CF-9ACF-4F37873F60E4} = {EA7378C7-68E0-4C9E-8D1B-2FD25F08D6D9}
		{3D4A2DE2-90B4-4545-AF2E-B796C775F23C} = {E498FDB9-05D7-4502-809B-BC066C1B9B28}
		{FBF45E96-E935-4D12-AC62-48434D5E82B4} = {E498FDB9-05D7-4502-809B-BC066C1B9B28}
		{837BB7E4-04CD-4E43-89E6-92685C84CA84} = {89DF64F0-29AF-46D7-96EB-4D191FF73A98}
		{7B4307EC-ED44-4C55-9588-08121308A266} = {89DF64F0-29AF-46D7-96EB-4D191FF73A98}
		{09F700A4-FED1-4AB4-8BDC-26C22D7783F7} = {3B530A91-9FCE-482B-96FF-49A3302A1F0E}
		{900C070F-B73C-4D32-A0C3-2CA1431A8DD1} = {3B530A91-9FCE-482B-96FF-49A3302A1F0E}
		{36D948E3-89EC-4744-AE6C-CFFD90C1813C} = {DA1C5390-A883-4AF3-8645-7ED7B6E6C820}
		{BB6568A6-D122-4B84-B810-B73350EB99DD} = {DA1C5390-A883-4AF3-8645-7ED7B6E6C820}
		{93225386-ED92-4799-91E4-53B2E5C67AA3} = {3F906FD1-643B-4A43-B555-1E5BA8744888}
	EndGlobalSection
EndGlobal
